// !$*UTF8*$!
{
	archiveVersion = 1;
	classes = {
	};
	objectVersion = 56;
	objects = {

/* Begin PBXBuildFile section */
		FFBF6B3D29A705180093ED81 /* MealListApp.swift in Sources */ = {isa = PBXBuildFile; fileRef = FFBF6B3C29A705180093ED81 /* MealListApp.swift */; };
		FFBF6B3F29A705180093ED81 /* ContentView.swift in Sources */ = {isa = PBXBuildFile; fileRef = FFBF6B3E29A705180093ED81 /* ContentView.swift */; };
		FFBF6B4129A7051B0093ED81 /* Assets.xcassets in Resources */ = {isa = PBXBuildFile; fileRef = FFBF6B4029A7051B0093ED81 /* Assets.xcassets */; };
		FFBF6B4429A7051B0093ED81 /* Preview Assets.xcassets in Resources */ = {isa = PBXBuildFile; fileRef = FFBF6B4329A7051B0093ED81 /* Preview Assets.xcassets */; };
		FFBF6B4E29A7051C0093ED81 /* MealListTests.swift in Sources */ = {isa = PBXBuildFile; fileRef = FFBF6B4D29A7051C0093ED81 /* MealListTests.swift */; };
		FFBF6B5829A7051C0093ED81 /* MealListUITests.swift in Sources */ = {isa = PBXBuildFile; fileRef = FFBF6B5729A7051C0093ED81 /* MealListUITests.swift */; };
		FFBF6B5A29A7051C0093ED81 /* MealListUITestsLaunchTests.swift in Sources */ = {isa = PBXBuildFile; fileRef = FFBF6B5929A7051C0093ED81 /* MealListUITestsLaunchTests.swift */; };
		FFBF6B6729A705510093ED81 /* MealRowView.swift in Sources */ = {isa = PBXBuildFile; fileRef = FFBF6B6629A705510093ED81 /* MealRowView.swift */; };
		FFBF6B6929A7056F0093ED81 /* MealListView.swift in Sources */ = {isa = PBXBuildFile; fileRef = FFBF6B6829A7056F0093ED81 /* MealListView.swift */; };
		FFBF6B6B29A705A40093ED81 /* MealDetailsView.swift in Sources */ = {isa = PBXBuildFile; fileRef = FFBF6B6A29A705A40093ED81 /* MealDetailsView.swift */; };
		FFBF6B6E29A706470093ED81 /* Meal.swift in Sources */ = {isa = PBXBuildFile; fileRef = FFBF6B6D29A706470093ED81 /* Meal.swift */; };
		FFBF6B7729A7DBDB0093ED81 /* MealDetails.swift in Sources */ = {isa = PBXBuildFile; fileRef = FFBF6B7629A7DBDB0093ED81 /* MealDetails.swift */; };
		FFBF6B7929A7DD000093ED81 /* MealNetworkServices.swift in Sources */ = {isa = PBXBuildFile; fileRef = FFBF6B7829A7DD000093ED81 /* MealNetworkServices.swift */; };
		FFBF6B7B29A81D6B0093ED81 /* MealListViewModel.swift in Sources */ = {isa = PBXBuildFile; fileRef = FFBF6B7A29A81D6B0093ED81 /* MealListViewModel.swift */; };
		FFBF6B7D29A872270093ED81 /* MealDetailsViewModel.swift in Sources */ = {isa = PBXBuildFile; fileRef = FFBF6B7C29A872270093ED81 /* MealDetailsViewModel.swift */; };
		FFBF6B8029A874630093ED81 /* URL+Extensions.swift in Sources */ = {isa = PBXBuildFile; fileRef = FFBF6B7F29A874630093ED81 /* URL+Extensions.swift */; };
		FFBF6B8329AA9ABA0093ED81 /* UIImageView+Cache.swift in Sources */ = {isa = PBXBuildFile; fileRef = FFBF6B8229AA9AB90093ED81 /* UIImageView+Cache.swift */; };
/* End PBXBuildFile section */

/* Begin PBXContainerItemProxy section */
		FFBF6B4A29A7051C0093ED81 /* PBXContainerItemProxy */ = {
			isa = PBXContainerItemProxy;
			containerPortal = FFBF6B3129A705180093ED81 /* Project object */;
			proxyType = 1;
			remoteGlobalIDString = FFBF6B3829A705180093ED81;
			remoteInfo = MealList;
		};
		FFBF6B5429A7051C0093ED81 /* PBXContainerItemProxy */ = {
			isa = PBXContainerItemProxy;
			containerPortal = FFBF6B3129A705180093ED81 /* Project object */;
			proxyType = 1;
			remoteGlobalIDString = FFBF6B3829A705180093ED81;
			remoteInfo = MealList;
		};
/* End PBXContainerItemProxy section */

/* Begin PBXFileReference section */
		FFBF6B3929A705180093ED81 /* MealList.app */ = {isa = PBXFileReference; explicitFileType = wrapper.application; includeInIndex = 0; path = MealList.app; sourceTree = BUILT_PRODUCTS_DIR; };
		FFBF6B3C29A705180093ED81 /* MealListApp.swift */ = {isa = PBXFileReference; lastKnownFileType = sourcecode.swift; path = MealListApp.swift; sourceTree = "<group>"; };
		FFBF6B3E29A705180093ED81 /* ContentView.swift */ = {isa = PBXFileReference; lastKnownFileType = sourcecode.swift; path = ContentView.swift; sourceTree = "<group>"; };
		FFBF6B4029A7051B0093ED81 /* Assets.xcassets */ = {isa = PBXFileReference; lastKnownFileType = folder.assetcatalog; path = Assets.xcassets; sourceTree = "<group>"; };
		FFBF6B4329A7051B0093ED81 /* Preview Assets.xcassets */ = {isa = PBXFileReference; lastKnownFileType = folder.assetcatalog; path = "Preview Assets.xcassets"; sourceTree = "<group>"; };
		FFBF6B4929A7051C0093ED81 /* MealListTests.xctest */ = {isa = PBXFileReference; explicitFileType = wrapper.cfbundle; includeInIndex = 0; path = MealListTests.xctest; sourceTree = BUILT_PRODUCTS_DIR; };
		FFBF6B4D29A7051C0093ED81 /* MealListTests.swift */ = {isa = PBXFileReference; lastKnownFileType = sourcecode.swift; path = MealListTests.swift; sourceTree = "<group>"; };
		FFBF6B5329A7051C0093ED81 /* MealListUITests.xctest */ = {isa = PBXFileReference; explicitFileType = wrapper.cfbundle; includeInIndex = 0; path = MealListUITests.xctest; sourceTree = BUILT_PRODUCTS_DIR; };
		FFBF6B5729A7051C0093ED81 /* MealListUITests.swift */ = {isa = PBXFileReference; lastKnownFileType = sourcecode.swift; path = MealListUITests.swift; sourceTree = "<group>"; };
		FFBF6B5929A7051C0093ED81 /* MealListUITestsLaunchTests.swift */ = {isa = PBXFileReference; lastKnownFileType = sourcecode.swift; path = MealListUITestsLaunchTests.swift; sourceTree = "<group>"; };
		FFBF6B6629A705510093ED81 /* MealRowView.swift */ = {isa = PBXFileReference; lastKnownFileType = sourcecode.swift; path = MealRowView.swift; sourceTree = "<group>"; };
		FFBF6B6829A7056F0093ED81 /* MealListView.swift */ = {isa = PBXFileReference; lastKnownFileType = sourcecode.swift; path = MealListView.swift; sourceTree = "<group>"; };
		FFBF6B6A29A705A40093ED81 /* MealDetailsView.swift */ = {isa = PBXFileReference; lastKnownFileType = sourcecode.swift; path = MealDetailsView.swift; sourceTree = "<group>"; };
		FFBF6B6D29A706470093ED81 /* Meal.swift */ = {isa = PBXFileReference; lastKnownFileType = sourcecode.swift; path = Meal.swift; sourceTree = "<group>"; };
		FFBF6B7629A7DBDB0093ED81 /* MealDetails.swift */ = {isa = PBXFileReference; lastKnownFileType = sourcecode.swift; path = MealDetails.swift; sourceTree = "<group>"; };
		FFBF6B7829A7DD000093ED81 /* MealNetworkServices.swift */ = {isa = PBXFileReference; lastKnownFileType = sourcecode.swift; path = MealNetworkServices.swift; sourceTree = "<group>"; };
		FFBF6B7A29A81D6B0093ED81 /* MealListViewModel.swift */ = {isa = PBXFileReference; lastKnownFileType = sourcecode.swift; path = MealListViewModel.swift; sourceTree = "<group>"; };
		FFBF6B7C29A872270093ED81 /* MealDetailsViewModel.swift */ = {isa = PBXFileReference; lastKnownFileType = sourcecode.swift; path = MealDetailsViewModel.swift; sourceTree = "<group>"; };
		FFBF6B7F29A874630093ED81 /* URL+Extensions.swift */ = {isa = PBXFileReference; lastKnownFileType = sourcecode.swift; path = "URL+Extensions.swift"; sourceTree = "<group>"; };
		FFBF6B8229AA9AB90093ED81 /* UIImageView+Cache.swift */ = {isa = PBXFileReference; lastKnownFileType = sourcecode.swift; path = "UIImageView+Cache.swift"; sourceTree = "<group>"; };
/* End PBXFileReference section */

/* Begin PBXFrameworksBuildPhase section */
		FFBF6B3629A705180093ED81 /* Frameworks */ = {
			isa = PBXFrameworksBuildPhase;
			buildActionMask = 2147483647;
			files = (
			);
			runOnlyForDeploymentPostprocessing = 0;
		};
		FFBF6B4629A7051C0093ED81 /* Frameworks */ = {
			isa = PBXFrameworksBuildPhase;
			buildActionMask = 2147483647;
			files = (
			);
			runOnlyForDeploymentPostprocessing = 0;
		};
		FFBF6B5029A7051C0093ED81 /* Frameworks */ = {
			isa = PBXFrameworksBuildPhase;
			buildActionMask = 2147483647;
			files = (
			);
			runOnlyForDeploymentPostprocessing = 0;
		};
/* End PBXFrameworksBuildPhase section */

/* Begin PBXGroup section */
		FFBF6B3029A705180093ED81 = {
			isa = PBXGroup;
			children = (
				FFBF6B3B29A705180093ED81 /* MealList */,
				FFBF6B4C29A7051C0093ED81 /* MealListTests */,
				FFBF6B5629A7051C0093ED81 /* MealListUITests */,
				FFBF6B3A29A705180093ED81 /* Products */,
			);
			sourceTree = "<group>";
		};
		FFBF6B3A29A705180093ED81 /* Products */ = {
			isa = PBXGroup;
			children = (
				FFBF6B3929A705180093ED81 /* MealList.app */,
				FFBF6B4929A7051C0093ED81 /* MealListTests.xctest */,
				FFBF6B5329A7051C0093ED81 /* MealListUITests.xctest */,
			);
			name = Products;
			sourceTree = "<group>";
		};
		FFBF6B3B29A705180093ED81 /* MealList */ = {
			isa = PBXGroup;
			children = (
				FFBF6B3C29A705180093ED81 /* MealListApp.swift */,
				FFBF6B7E29A8742D0093ED81 /* NetworkServices */,
				FFBF6B6F29A7064F0093ED81 /* Model */,
				FFBF6B6C29A7061B0093ED81 /* Views */,
				FFBF6B8129A87B9F0093ED81 /* ViewModels */,
				FFBF6B4029A7051B0093ED81 /* Assets.xcassets */,
				FFBF6B4229A7051B0093ED81 /* Preview Content */,
			);
			path = MealList;
			sourceTree = "<group>";
		};
		FFBF6B4229A7051B0093ED81 /* Preview Content */ = {
			isa = PBXGroup;
			children = (
				FFBF6B4329A7051B0093ED81 /* Preview Assets.xcassets */,
			);
			path = "Preview Content";
			sourceTree = "<group>";
		};
		FFBF6B4C29A7051C0093ED81 /* MealListTests */ = {
			isa = PBXGroup;
			children = (
				FFBF6B4D29A7051C0093ED81 /* MealListTests.swift */,
			);
			path = MealListTests;
			sourceTree = "<group>";
		};
		FFBF6B5629A7051C0093ED81 /* MealListUITests */ = {
			isa = PBXGroup;
			children = (
				FFBF6B5729A7051C0093ED81 /* MealListUITests.swift */,
				FFBF6B5929A7051C0093ED81 /* MealListUITestsLaunchTests.swift */,
			);
			path = MealListUITests;
			sourceTree = "<group>";
		};
		FFBF6B6C29A7061B0093ED81 /* Views */ = {
			isa = PBXGroup;
			children = (
				FFBF6B3E29A705180093ED81 /* ContentView.swift */,
				FFBF6B6A29A705A40093ED81 /* MealDetailsView.swift */,
				FFBF6B6829A7056F0093ED81 /* MealListView.swift */,
				FFBF6B6629A705510093ED81 /* MealRowView.swift */,
			);
			path = Views;
			sourceTree = "<group>";
		};
		FFBF6B6F29A7064F0093ED81 /* Model */ = {
			isa = PBXGroup;
			children = (
				FFBF6B6D29A706470093ED81 /* Meal.swift */,
				FFBF6B7629A7DBDB0093ED81 /* MealDetails.swift */,
			);
			path = Model;
			sourceTree = "<group>";
		};
		FFBF6B7E29A8742D0093ED81 /* NetworkServices */ = {
			isa = PBXGroup;
			children = (
				FFBF6B7829A7DD000093ED81 /* MealNetworkServices.swift */,
				FFBF6B7F29A874630093ED81 /* URL+Extensions.swift */,
				FFBF6B8229AA9AB90093ED81 /* UIImageView+Cache.swift */,
			);
			path = NetworkServices;
			sourceTree = "<group>";
		};
		FFBF6B8129A87B9F0093ED81 /* ViewModels */ = {
			isa = PBXGroup;
			children = (
				FFBF6B7C29A872270093ED81 /* MealDetailsViewModel.swift */,
				FFBF6B7A29A81D6B0093ED81 /* MealListViewModel.swift */,
			);
			path = ViewModels;
			sourceTree = "<group>";
		};
/* End PBXGroup section */

/* Begin PBXNativeTarget section */
		FFBF6B3829A705180093ED81 /* MealList */ = {
			isa = PBXNativeTarget;
			buildConfigurationList = FFBF6B5D29A7051C0093ED81 /* Build configuration list for PBXNativeTarget "MealList" */;
			buildPhases = (
				FFBF6B3529A705180093ED81 /* Sources */,
				FFBF6B3629A705180093ED81 /* Frameworks */,
				FFBF6B3729A705180093ED81 /* Resources */,
			);
			buildRules = (
			);
			dependencies = (
			);
			name = MealList;
			productName = MealList;
			productReference = FFBF6B3929A705180093ED81 /* MealList.app */;
			productType = "com.apple.product-type.application";
		};
		FFBF6B4829A7051C0093ED81 /* MealListTests */ = {
			isa = PBXNativeTarget;
			buildConfigurationList = FFBF6B6029A7051C0093ED81 /* Build configuration list for PBXNativeTarget "MealListTests" */;
			buildPhases = (
				FFBF6B4529A7051C0093ED81 /* Sources */,
				FFBF6B4629A7051C0093ED81 /* Frameworks */,
				FFBF6B4729A7051C0093ED81 /* Resources */,
			);
			buildRules = (
			);
			dependencies = (
				FFBF6B4B29A7051C0093ED81 /* PBXTargetDependency */,
			);
			name = MealListTests;
			productName = MealListTests;
			productReference = FFBF6B4929A7051C0093ED81 /* MealListTests.xctest */;
			productType = "com.apple.product-type.bundle.unit-test";
		};
		FFBF6B5229A7051C0093ED81 /* MealListUITests */ = {
			isa = PBXNativeTarget;
			buildConfigurationList = FFBF6B6329A7051C0093ED81 /* Build configuration list for PBXNativeTarget "MealListUITests" */;
			buildPhases = (
				FFBF6B4F29A7051C0093ED81 /* Sources */,
				FFBF6B5029A7051C0093ED81 /* Frameworks */,
				FFBF6B5129A7051C0093ED81 /* Resources */,
			);
			buildRules = (
			);
			dependencies = (
				FFBF6B5529A7051C0093ED81 /* PBXTargetDependency */,
			);
			name = MealListUITests;
			productName = MealListUITests;
			productReference = FFBF6B5329A7051C0093ED81 /* MealListUITests.xctest */;
			productType = "com.apple.product-type.bundle.ui-testing";
		};
/* End PBXNativeTarget section */

/* Begin PBXProject section */
		FFBF6B3129A705180093ED81 /* Project object */ = {
			isa = PBXProject;
			attributes = {
				BuildIndependentTargetsInParallel = 1;
				LastSwiftUpdateCheck = 1400;
				LastUpgradeCheck = 1400;
				TargetAttributes = {
					FFBF6B3829A705180093ED81 = {
						CreatedOnToolsVersion = 14.0.1;
					};
					FFBF6B4829A7051C0093ED81 = {
						CreatedOnToolsVersion = 14.0.1;
						TestTargetID = FFBF6B3829A705180093ED81;
					};
					FFBF6B5229A7051C0093ED81 = {
						CreatedOnToolsVersion = 14.0.1;
						TestTargetID = FFBF6B3829A705180093ED81;
					};
				};
			};
			buildConfigurationList = FFBF6B3429A705180093ED81 /* Build configuration list for PBXProject "MealList" */;
			compatibilityVersion = "Xcode 14.0";
			developmentRegion = en;
			hasScannedForEncodings = 0;
			knownRegions = (
				en,
				Base,
			);
			mainGroup = FFBF6B3029A705180093ED81;
			productRefGroup = FFBF6B3A29A705180093ED81 /* Products */;
			projectDirPath = "";
			projectRoot = "";
			targets = (
				FFBF6B3829A705180093ED81 /* MealList */,
				FFBF6B4829A7051C0093ED81 /* MealListTests */,
				FFBF6B5229A7051C0093ED81 /* MealListUITests */,
			);
		};
/* End PBXProject section */

/* Begin PBXResourcesBuildPhase section */
		FFBF6B3729A705180093ED81 /* Resources */ = {
			isa = PBXResourcesBuildPhase;
			buildActionMask = 2147483647;
			files = (
				FFBF6B4429A7051B0093ED81 /* Preview Assets.xcassets in Resources */,
				FFBF6B4129A7051B0093ED81 /* Assets.xcassets in Resources */,
			);
			runOnlyForDeploymentPostprocessing = 0;
		};
		FFBF6B4729A7051C0093ED81 /* Resources */ = {
			isa = PBXResourcesBuildPhase;
			buildActionMask = 2147483647;
			files = (
			);
			runOnlyForDeploymentPostprocessing = 0;
		};
		FFBF6B5129A7051C0093ED81 /* Resources */ = {
			isa = PBXResourcesBuildPhase;
			buildActionMask = 2147483647;
			files = (
			);
			runOnlyForDeploymentPostprocessing = 0;
		};
/* End PBXResourcesBuildPhase section */

/* Begin PBXSourcesBuildPhase section */
		FFBF6B3529A705180093ED81 /* Sources */ = {
			isa = PBXSourcesBuildPhase;
			buildActionMask = 2147483647;
			files = (
				FFBF6B8029A874630093ED81 /* URL+Extensions.swift in Sources */,
				FFBF6B6729A705510093ED81 /* MealRowView.swift in Sources */,
				FFBF6B7929A7DD000093ED81 /* MealNetworkServices.swift in Sources */,
				FFBF6B3F29A705180093ED81 /* ContentView.swift in Sources */,
				FFBF6B7729A7DBDB0093ED81 /* MealDetails.swift in Sources */,
				FFBF6B8329AA9ABA0093ED81 /* UIImageView+Cache.swift in Sources */,
				FFBF6B6B29A705A40093ED81 /* MealDetailsView.swift in Sources */,
				FFBF6B3D29A705180093ED81 /* MealListApp.swift in Sources */,
				FFBF6B6E29A706470093ED81 /* Meal.swift in Sources */,
				FFBF6B6929A7056F0093ED81 /* MealListView.swift in Sources */,
				FFBF6B7D29A872270093ED81 /* MealDetailsViewModel.swift in Sources */,
				FFBF6B7B29A81D6B0093ED81 /* MealListViewModel.swift in Sources */,
			);
			runOnlyForDeploymentPostprocessing = 0;
		};
		FFBF6B4529A7051C0093ED81 /* Sources */ = {
			isa = PBXSourcesBuildPhase;
			buildActionMask = 2147483647;
			files = (
				FFBF6B4E29A7051C0093ED81 /* MealListTests.swift in Sources */,
			);
			runOnlyForDeploymentPostprocessing = 0;
		};
		FFBF6B4F29A7051C0093ED81 /* Sources */ = {
			isa = PBXSourcesBuildPhase;
			buildActionMask = 2147483647;
			files = (
				FFBF6B5A29A7051C0093ED81 /* MealListUITestsLaunchTests.swift in Sources */,
				FFBF6B5829A7051C0093ED81 /* MealListUITests.swift in Sources */,
			);
			runOnlyForDeploymentPostprocessing = 0;
		};
/* End PBXSourcesBuildPhase section */

/* Begin PBXTargetDependency section */
		FFBF6B4B29A7051C0093ED81 /* PBXTargetDependency */ = {
			isa = PBXTargetDependency;
			target = FFBF6B3829A705180093ED81 /* MealList */;
			targetProxy = FFBF6B4A29A7051C0093ED81 /* PBXContainerItemProxy */;
		};
		FFBF6B5529A7051C0093ED81 /* PBXTargetDependency */ = {
			isa = PBXTargetDependency;
			target = FFBF6B3829A705180093ED81 /* MealList */;
			targetProxy = FFBF6B5429A7051C0093ED81 /* PBXContainerItemProxy */;
		};
/* End PBXTargetDependency section */

/* Begin XCBuildConfiguration section */
		FFBF6B5B29A7051C0093ED81 /* Debug */ = {
			isa = XCBuildConfiguration;
			buildSettings = {
				ALWAYS_SEARCH_USER_PATHS = NO;
				CLANG_ANALYZER_NONNULL = YES;
				CLANG_ANALYZER_NUMBER_OBJECT_CONVERSION = YES_AGGRESSIVE;
				CLANG_CXX_LANGUAGE_STANDARD = "gnu++20";
				CLANG_ENABLE_MODULES = YES;
				CLANG_ENABLE_OBJC_ARC = YES;
				CLANG_ENABLE_OBJC_WEAK = YES;
				CLANG_WARN_BLOCK_CAPTURE_AUTORELEASING = YES;
				CLANG_WARN_BOOL_CONVERSION = YES;
				CLANG_WARN_COMMA = YES;
				CLANG_WARN_CONSTANT_CONVERSION = YES;
				CLANG_WARN_DEPRECATED_OBJC_IMPLEMENTATIONS = YES;
				CLANG_WARN_DIRECT_OBJC_ISA_USAGE = YES_ERROR;
				CLANG_WARN_DOCUMENTATION_COMMENTS = YES;
				CLANG_WARN_EMPTY_BODY = YES;
				CLANG_WARN_ENUM_CONVERSION = YES;
				CLANG_WARN_INFINITE_RECURSION = YES;
				CLANG_WARN_INT_CONVERSION = YES;
				CLANG_WARN_NON_LITERAL_NULL_CONVERSION = YES;
				CLANG_WARN_OBJC_IMPLICIT_RETAIN_SELF = YES;
				CLANG_WARN_OBJC_LITERAL_CONVERSION = YES;
				CLANG_WARN_OBJC_ROOT_CLASS = YES_ERROR;
				CLANG_WARN_QUOTED_INCLUDE_IN_FRAMEWORK_HEADER = YES;
				CLANG_WARN_RANGE_LOOP_ANALYSIS = YES;
				CLANG_WARN_STRICT_PROTOTYPES = YES;
				CLANG_WARN_SUSPICIOUS_MOVE = YES;
				CLANG_WARN_UNGUARDED_AVAILABILITY = YES_AGGRESSIVE;
				CLANG_WARN_UNREACHABLE_CODE = YES;
				CLANG_WARN__DUPLICATE_METHOD_MATCH = YES;
				COPY_PHASE_STRIP = NO;
				DEBUG_INFORMATION_FORMAT = dwarf;
				ENABLE_STRICT_OBJC_MSGSEND = YES;
				ENABLE_TESTABILITY = YES;
				GCC_C_LANGUAGE_STANDARD = gnu11;
				GCC_DYNAMIC_NO_PIC = NO;
				GCC_NO_COMMON_BLOCKS = YES;
				GCC_OPTIMIZATION_LEVEL = 0;
				GCC_PREPROCESSOR_DEFINITIONS = (
					"DEBUG=1",
					"$(inherited)",
				);
				GCC_WARN_64_TO_32_BIT_CONVERSION = YES;
				GCC_WARN_ABOUT_RETURN_TYPE = YES_ERROR;
				GCC_WARN_UNDECLARED_SELECTOR = YES;
				GCC_WARN_UNINITIALIZED_AUTOS = YES_AGGRESSIVE;
				GCC_WARN_UNUSED_FUNCTION = YES;
				GCC_WARN_UNUSED_VARIABLE = YES;
				IPHONEOS_DEPLOYMENT_TARGET = 16.0;
				MTL_ENABLE_DEBUG_INFO = INCLUDE_SOURCE;
				MTL_FAST_MATH = YES;
				ONLY_ACTIVE_ARCH = YES;
				SDKROOT = iphoneos;
				SWIFT_ACTIVE_COMPILATION_CONDITIONS = DEBUG;
				SWIFT_OPTIMIZATION_LEVEL = "-Onone";
			};
			name = Debug;
		};
		FFBF6B5C29A7051C0093ED81 /* Release */ = {
			isa = XCBuildConfiguration;
			buildSettings = {
				ALWAYS_SEARCH_USER_PATHS = NO;
				CLANG_ANALYZER_NONNULL = YES;
				CLANG_ANALYZER_NUMBER_OBJECT_CONVERSION = YES_AGGRESSIVE;
				CLANG_CXX_LANGUAGE_STANDARD = "gnu++20";
				CLANG_ENABLE_MODULES = YES;
				CLANG_ENABLE_OBJC_ARC = YES;
				CLANG_ENABLE_OBJC_WEAK = YES;
				CLANG_WARN_BLOCK_CAPTURE_AUTORELEASING = YES;
				CLANG_WARN_BOOL_CONVERSION = YES;
				CLANG_WARN_COMMA = YES;
				CLANG_WARN_CONSTANT_CONVERSION = YES;
				CLANG_WARN_DEPRECATED_OBJC_IMPLEMENTATIONS = YES;
				CLANG_WARN_DIRECT_OBJC_ISA_USAGE = YES_ERROR;
				CLANG_WARN_DOCUMENTATION_COMMENTS = YES;
				CLANG_WARN_EMPTY_BODY = YES;
				CLANG_WARN_ENUM_CONVERSION = YES;
				CLANG_WARN_INFINITE_RECURSION = YES;
				CLANG_WARN_INT_CONVERSION = YES;
				CLANG_WARN_NON_LITERAL_NULL_CONVERSION = YES;
				CLANG_WARN_OBJC_IMPLICIT_RETAIN_SELF = YES;
				CLANG_WARN_OBJC_LITERAL_CONVERSION = YES;
				CLANG_WARN_OBJC_ROOT_CLASS = YES_ERROR;
				CLANG_WARN_QUOTED_INCLUDE_IN_FRAMEWORK_HEADER = YES;
				CLANG_WARN_RANGE_LOOP_ANALYSIS = YES;
				CLANG_WARN_STRICT_PROTOTYPES = YES;
				CLANG_WARN_SUSPICIOUS_MOVE = YES;
				CLANG_WARN_UNGUARDED_AVAILABILITY = YES_AGGRESSIVE;
				CLANG_WARN_UNREACHABLE_CODE = YES;
				CLANG_WARN__DUPLICATE_METHOD_MATCH = YES;
				COPY_PHASE_STRIP = NO;
				DEBUG_INFORMATION_FORMAT = "dwarf-with-dsym";
				ENABLE_NS_ASSERTIONS = NO;
				ENABLE_STRICT_OBJC_MSGSEND = YES;
				GCC_C_LANGUAGE_STANDARD = gnu11;
				GCC_NO_COMMON_BLOCKS = YES;
				GCC_WARN_64_TO_32_BIT_CONVERSION = YES;
				GCC_WARN_ABOUT_RETURN_TYPE = YES_ERROR;
				GCC_WARN_UNDECLARED_SELECTOR = YES;
				GCC_WARN_UNINITIALIZED_AUTOS = YES_AGGRESSIVE;
				GCC_WARN_UNUSED_FUNCTION = YES;
				GCC_WARN_UNUSED_VARIABLE = YES;
				IPHONEOS_DEPLOYMENT_TARGET = 16.0;
				MTL_ENABLE_DEBUG_INFO = NO;
				MTL_FAST_MATH = YES;
				SDKROOT = iphoneos;
				SWIFT_COMPILATION_MODE = wholemodule;
				SWIFT_OPTIMIZATION_LEVEL = "-O";
				VALIDATE_PRODUCT = YES;
			};
			name = Release;
		};
		FFBF6B5E29A7051C0093ED81 /* Debug */ = {
			isa = XCBuildConfiguration;
			buildSettings = {
				ASSETCATALOG_COMPILER_APPICON_NAME = AppIcon;
				ASSETCATALOG_COMPILER_GLOBAL_ACCENT_COLOR_NAME = AccentColor;
				CODE_SIGN_STYLE = Automatic;
				CURRENT_PROJECT_VERSION = 1;
				DEVELOPMENT_ASSET_PATHS = "\"MealList/Preview Content\"";
				ENABLE_PREVIEWS = YES;
				GENERATE_INFOPLIST_FILE = YES;
				INFOPLIST_KEY_UIApplicationSceneManifest_Generation = YES;
				INFOPLIST_KEY_UIApplicationSupportsIndirectInputEvents = YES;
				INFOPLIST_KEY_UILaunchScreen_Generation = YES;
				INFOPLIST_KEY_UISupportedInterfaceOrientations_iPad = "UIInterfaceOrientationPortrait UIInterfaceOrientationPortraitUpsideDown UIInterfaceOrientationLandscapeLeft UIInterfaceOrientationLandscapeRight";
				INFOPLIST_KEY_UISupportedInterfaceOrientations_iPhone = "UIInterfaceOrientationPortrait UIInterfaceOrientationLandscapeLeft UIInterfaceOrientationLandscapeRight";
				LD_RUNPATH_SEARCH_PATHS = (
					"$(inherited)",
					"@executable_path/Frameworks",
				);
				MARKETING_VERSION = 1.0;
				PRODUCT_BUNDLE_IDENTIFIER = me.qi.zhan.MealList;
				PRODUCT_NAME = "$(TARGET_NAME)";
				SWIFT_EMIT_LOC_STRINGS = YES;
				SWIFT_VERSION = 5.0;
				TARGETED_DEVICE_FAMILY = "1,2";
			};
			name = Debug;
		};
		FFBF6B5F29A7051C0093ED81 /* Release */ = {
			isa = XCBuildConfiguration;
			buildSettings = {
				ASSETCATALOG_COMPILER_APPICON_NAME = AppIcon;
				ASSETCATALOG_COMPILER_GLOBAL_ACCENT_COLOR_NAME = AccentColor;
				CODE_SIGN_STYLE = Automatic;
				CURRENT_PROJECT_VERSION = 1;
				DEVELOPMENT_ASSET_PATHS = "\"MealList/Preview Content\"";
				ENABLE_PREVIEWS = YES;
				GENERATE_INFOPLIST_FILE = YES;
				INFOPLIST_KEY_UIApplicationSceneManifest_Generation = YES;
				INFOPLIST_KEY_UIApplicationSupportsIndirectInputEvents = YES;
				INFOPLIST_KEY_UILaunchScreen_Generation = YES;
				INFOPLIST_KEY_UISupportedInterfaceOrientations_iPad = "UIInterfaceOrientationPortrait UIInterfaceOrientationPortraitUpsideDown UIInterfaceOrientationLandscapeLeft UIInterfaceOrientationLandscapeRight";
				INFOPLIST_KEY_UISupportedInterfaceOrientations_iPhone = "UIInterfaceOrientationPortrait UIInterfaceOrientationLandscapeLeft UIInterfaceOrientationLandscapeRight";
				LD_RUNPATH_SEARCH_PATHS = (
					"$(inherited)",
					"@executable_path/Frameworks",
				);
				MARKETING_VERSION = 1.0;
				PRODUCT_BUNDLE_IDENTIFIER = me.qi.zhan.MealList;
				PRODUCT_NAME = "$(TARGET_NAME)";
				SWIFT_EMIT_LOC_STRINGS = YES;
				SWIFT_VERSION = 5.0;
				TARGETED_DEVICE_FAMILY = "1,2";
			};
			name = Release;
		};
		FFBF6B6129A7051C0093ED81 /* Debug */ = {
			isa = XCBuildConfiguration;
			buildSettings = {
				ALWAYS_EMBED_SWIFT_STANDARD_LIBRARIES = YES;
				BUNDLE_LOADER = "$(TEST_HOST)";
				CODE_SIGN_STYLE = Automatic;
				CURRENT_PROJECT_VERSION = 1;
				GENERATE_INFOPLIST_FILE = YES;
				IPHONEOS_DEPLOYMENT_TARGET = 16.0;
				MARKETING_VERSION = 1.0;
				PRODUCT_BUNDLE_IDENTIFIER = me.qi.zhan.MealListTests;
				PRODUCT_NAME = "$(TARGET_NAME)";
				SWIFT_EMIT_LOC_STRINGS = NO;
				SWIFT_VERSION = 5.0;
				TARGETED_DEVICE_FAMILY = "1,2";
				TEST_HOST = "$(BUILT_PRODUCTS_DIR)/MealList.app/$(BUNDLE_EXECUTABLE_FOLDER_PATH)/MealList";
			};
			name = Debug;
		};
		FFBF6B6229A7051C0093ED81 /* Release */ = {
			isa = XCBuildConfiguration;
			buildSettings = {
				ALWAYS_EMBED_SWIFT_STANDARD_LIBRARIES = YES;
				BUNDLE_LOADER = "$(TEST_HOST)";
				CODE_SIGN_STYLE = Automatic;
				CURRENT_PROJECT_VERSION = 1;
				GENERATE_INFOPLIST_FILE = YES;
				IPHONEOS_DEPLOYMENT_TARGET = 16.0;
				MARKETING_VERSION = 1.0;
				PRODUCT_BUNDLE_IDENTIFIER = me.qi.zhan.MealListTests;
				PRODUCT_NAME = "$(TARGET_NAME)";
				SWIFT_EMIT_LOC_STRINGS = NO;
				SWIFT_VERSION = 5.0;
				TARGETED_DEVICE_FAMILY = "1,2";
				TEST_HOST = "$(BUILT_PRODUCTS_DIR)/MealList.app/$(BUNDLE_EXECUTABLE_FOLDER_PATH)/MealList";
			};
			name = Release;
		};
		FFBF6B6429A7051C0093ED81 /* Debug */ = {
			isa = XCBuildConfiguration;
			buildSettings = {
				ALWAYS_EMBED_SWIFT_STANDARD_LIBRARIES = YES;
				CODE_SIGN_STYLE = Automatic;
				CURRENT_PROJECT_VERSION = 1;
				GENERATE_INFOPLIST_FILE = YES;
				MARKETING_VERSION = 1.0;
				PRODUCT_BUNDLE_IDENTIFIER = me.qi.zhan.MealListUITests;
				PRODUCT_NAME = "$(TARGET_NAME)";
				SWIFT_EMIT_LOC_STRINGS = NO;
				SWIFT_VERSION = 5.0;
				TARGETED_DEVICE_FAMILY = "1,2";
				TEST_TARGET_NAME = MealList;
			};
			name = Debug;
		};
		FFBF6B6529A7051C0093ED81 /* Release */ = {
			isa = XCBuildConfiguration;
			buildSettings = {
				ALWAYS_EMBED_SWIFT_STANDARD_LIBRARIES = YES;
				CODE_SIGN_STYLE = Automatic;
				CURRENT_PROJECT_VERSION = 1;
				GENERATE_INFOPLIST_FILE = YES;
				MARKETING_VERSION = 1.0;
				PRODUCT_BUNDLE_IDENTIFIER = me.qi.zhan.MealListUITests;
				PRODUCT_NAME = "$(TARGET_NAME)";
				SWIFT_EMIT_LOC_STRINGS = NO;
				SWIFT_VERSION = 5.0;
				TARGETED_DEVICE_FAMILY = "1,2";
				TEST_TARGET_NAME = MealList;
			};
			name = Release;
		};
/* End XCBuildConfiguration section */

/* Begin XCConfigurationList section */
		FFBF6B3429A705180093ED81 /* Build configuration list for PBXProject "MealList" */ = {
			isa = XCConfigurationList;
			buildConfigurations = (
				FFBF6B5B29A7051C0093ED81 /* Debug */,
				FFBF6B5C29A7051C0093ED81 /* Release */,
			);
			defaultConfigurationIsVisible = 0;
			defaultConfigurationName = Release;
		};
		FFBF6B5D29A7051C0093ED81 /* Build configuration list for PBXNativeTarget "MealList" */ = {
			isa = XCConfigurationList;
			buildConfigurations = (
				FFBF6B5E29A7051C0093ED81 /* Debug */,
				FFBF6B5F29A7051C0093ED81 /* Release */,
			);
			defaultConfigurationIsVisible = 0;
			defaultConfigurationName = Release;
		};
		FFBF6B6029A7051C0093ED81 /* Build configuration list for PBXNativeTarget "MealListTests" */ = {
			isa = XCConfigurationList;
			buildConfigurations = (
				FFBF6B6129A7051C0093ED81 /* Debug */,
				FFBF6B6229A7051C0093ED81 /* Release */,
			);
			defaultConfigurationIsVisible = 0;
			defaultConfigurationName = Release;
		};
		FFBF6B6329A7051C0093ED81 /* Build configuration list for PBXNativeTarget "MealListUITests" */ = {
			isa = XCConfigurationList;
			buildConfigurations = (
				FFBF6B6429A7051C0093ED81 /* Debug */,
				FFBF6B6529A7051C0093ED81 /* Release */,
			);
			defaultConfigurationIsVisible = 0;
			defaultConfigurationName = Release;
		};
/* End XCConfigurationList section */
	};
	rootObject = FFBF6B3129A705180093ED81 /* Project object */;
}
